Microsoft Visual Studio Solution File, Format Version 12.00
# Visual Studio Version 17
VisualStudioVersion = 17.1.31911.260
MinimumVisualStudioVersion = 16.0.0.0
Project("{9A19103F-16F7-4668-BE54-9A1E7A4F7556}") = "sistemaReservas.Server", "Server\sistemaReservas.Server.csproj", "{5657C772-20C7-4A59-A970-941595B79786}"
EndProject
Project("{9A19103F-16F7-4668-BE54-9A1E7A4F7556}") = "sistemaReservas.Client", "Client\sistemaReservas.Client.csproj", "{4A85A6E0-ABE7-489E-BBFC-808846DFA4E5}"
EndProject
Project("{9A19103F-16F7-4668-BE54-9A1E7A4F7556}") = "sistemaReservas.Shared", "Shared\sistemaReservas.Shared.csproj", "{4A93AF09-A17B-411A-95C3-29EE0F7D0234}"
EndProject
Global
	GlobalSection(SolutionConfigurationPlatforms) = preSolution
		Debug|Any CPU = Debug|Any CPU
		Debug|x64 = Debug|x64
		Debug|x86 = Debug|x86
		Release|Any CPU = Release|Any CPU
		Release|x64 = Release|x64
		Release|x86 = Release|x86
	EndGlobalSection
	GlobalSection(ProjectConfigurationPlatforms) = postSolution
		{5657C772-20C7-4A59-A970-941595B79786}.Debug|Any CPU.ActiveCfg = Debug|Any CPU
		{5657C772-20C7-4A59-A970-941595B79786}.Debug|Any CPU.Build.0 = Debug|Any CPU
		{5657C772-20C7-4A59-A970-941595B79786}.Debug|x64.ActiveCfg = Debug|Any CPU
		{5657C772-20C7-4A59-A970-941595B79786}.Debug|x64.Build.0 = Debug|Any CPU
		{5657C772-20C7-4A59-A970-941595B79786}.Debug|x86.ActiveCfg = Debug|Any CPU
		{5657C772-20C7-4A59-A970-941595B79786}.Debug|x86.Build.0 = Debug|Any CPU
		{5657C772-20C7-4A59-A970-941595B79786}.Release|Any CPU.ActiveCfg = Release|Any CPU
		{5657C772-20C7-4A59-A970-941595B79786}.Release|Any CPU.Build.0 = Release|Any CPU
		{5657C772-20C7-4A59-A970-941595B79786}.Release|x64.ActiveCfg = Release|Any CPU
		{5657C772-20C7-4A59-A970-941595B79786}.Release|x64.Build.0 = Release|Any CPU
		{5657C772-20C7-4A59-A970-941595B79786}.Release|x86.ActiveCfg = Release|Any CPU
		{5657C772-20C7-4A59-A970-941595B79786}.Release|x86.Build.0 = Release|Any CPU
		{4A85A6E0-ABE7-489E-BBFC-808846DFA4E5}.Debug|Any CPU.ActiveCfg = Debug|Any CPU
		{4A85A6E0-ABE7-489E-BBFC-808846DFA4E5}.Debug|Any CPU.Build.0 = Debug|Any CPU
		{4A85A6E0-ABE7-489E-BBFC-808846DFA4E5}.Debug|x64.ActiveCfg = Debug|Any CPU
		{4A85A6E0-ABE7-489E-BBFC-808846DFA4E5}.Debug|x64.Build.0 = Debug|Any CPU
		{4A85A6E0-ABE7-489E-BBFC-808846DFA4E5}.Debug|x86.ActiveCfg = Debug|Any CPU
		{4A85A6E0-ABE7-489E-BBFC-808846DFA4E5}.Debug|x86.Build.0 = Debug|Any CPU
		{4A85A6E0-ABE7-489E-BBFC-808846DFA4E5}.Release|Any CPU.ActiveCfg = Release|Any CPU
		{4A85A6E0-ABE7-489E-BBFC-808846DFA4E5}.Release|Any CPU.Build.0 = Release|Any CPU
		{4A85A6E0-ABE7-489E-BBFC-808846DFA4E5}.Release|x64.ActiveCfg = Release|Any CPU
		{4A85A6E0-ABE7-489E-BBFC-808846DFA4E5}.Release|x64.Build.0 = Release|Any CPU
		{4A85A6E0-ABE7-489E-BBFC-808846DFA4E5}.Release|x86.ActiveCfg = Release|Any CPU
		{4A85A6E0-ABE7-489E-BBFC-808846DFA4E5}.Release|x86.Build.0 = Release|Any CPU
		{4A93AF09-A17B-411A-95C3-29EE0F7D0234}.Debug|Any CPU.ActiveCfg = Debug|Any CPU
		{4A93AF09-A17B-411A-95C3-29EE0F7D0234}.Debug|Any CPU.Build.0 = Debug|Any CPU
		{4A93AF09-A17B-411A-95C3-29EE0F7D0234}.Debug|x64.ActiveCfg = Debug|Any CPU
		{4A93AF09-A17B-411A-95C3-29EE0F7D0234}.Debug|x64.Build.0 = Debug|Any CPU
		{4A93AF09-A17B-411A-95C3-29EE0F7D0234}.Debug|x86.ActiveCfg = Debug|Any CPU
		{4A93AF09-A17B-411A-95C3-29EE0F7D0234}.Debug|x86.Build.0 = Debug|Any CPU
		{4A93AF09-A17B-411A-95C3-29EE0F7D0234}.Release|Any CPU.ActiveCfg = Release|Any CPU
		{4A93AF09-A17B-411A-95C3-29EE0F7D0234}.Release|Any CPU.Build.0 = Release|Any CPU
		{4A93AF09-A17B-411A-95C3-29EE0F7D0234}.Release|x64.ActiveCfg = Release|Any CPU
		{4A93AF09-A17B-411A-95C3-29EE0F7D0234}.Release|x64.Build.0 = Release|Any CPU
		{4A93AF09-A17B-411A-95C3-29EE0F7D0234}.Release|x86.ActiveCfg = Release|Any CPU
		{4A93AF09-A17B-411A-95C3-29EE0F7D0234}.Release|x86.Build.0 = Release|Any CPU
	EndGlobalSection
	GlobalSection(SolutionProperties) = preSolution
		HideSolutionNode = FALSE
	EndGlobalSection
	GlobalSection(ExtensibilityGlobals) = postSolution
		SolutionGuid = {F18A65C0-001A-4FDB-B4B0-C93B7768686D}
	EndGlobalSection
EndGlobal
